
Microsoft Visual Studio Solution File, Format Version 12.00
# Visual Studio Version 16
VisualStudioVersion = 16.0.30503.244
MinimumVisualStudioVersion = 10.0.40219.1
Project("{9A19103F-16F7-4668-BE54-9A1E7A4F7556}") = "Test_AutoTest", "Test_AutoTest.csproj", "{365E6430-F386-45AA-8799-472D407FA6D5}"
EndProject
Project("{9A19103F-16F7-4668-BE54-9A1E7A4F7556}") = "Test_AutoTest.Test", "..\Test_AutoTest.Test\Test_AutoTest.Test.csproj", "{0E513EDB-895B-46D5-921D-6F71FBE2B941}"
EndProject
Global
	GlobalSection(SolutionConfigurationPlatforms) = preSolution
		Debug|Any CPU = Debug|Any CPU
		Release|Any CPU = Release|Any CPU
	EndGlobalSection
	GlobalSection(ProjectConfigurationPlatforms) = postSolution
		{365E6430-F386-45AA-8799-472D407FA6D5}.Debug|Any CPU.ActiveCfg = Debug|Any CPU
		{365E6430-F386-45AA-8799-472D407FA6D5}.Debug|Any CPU.Build.0 = Debug|Any CPU
		{365E6430-F386-45AA-8799-472D407FA6D5}.Release|Any CPU.ActiveCfg = Release|Any CPU
		{365E6430-F386-45AA-8799-472D407FA6D5}.Release|Any CPU.Build.0 = Release|Any CPU
		{0E513EDB-895B-46D5-921D-6F71FBE2B941}.Debug|Any CPU.ActiveCfg = Debug|Any CPU
		{0E513EDB-895B-46D5-921D-6F71FBE2B941}.Debug|Any CPU.Build.0 = Debug|Any CPU
		{0E513EDB-895B-46D5-921D-6F71FBE2B941}.Release|Any CPU.ActiveCfg = Release|Any CPU
		{0E513EDB-895B-46D5-921D-6F71FBE2B941}.Release|Any CPU.Build.0 = Release|Any CPU
	EndGlobalSection
	GlobalSection(SolutionProperties) = preSolution
		HideSolutionNode = FALSE
	EndGlobalSection
	GlobalSection(ExtensibilityGlobals) = postSolution
		SolutionGuid = {95421838-DE39-410C-9186-1D11639D24F1}
	EndGlobalSection
EndGlobal
